{
    "_meta": {
        "hash": {
            "sha256": "e5a2883944ed55c845f5a619bcc19d82638dab247679820493b2659ba1c9ab0d"
        },
        "pipfile-spec": 6,
        "requires": {
            "python_version": "3.7"
        },
        "sources": [
            {
                "name": "pypi",
                "url": "https://pypi.org/simple",
                "verify_ssl": true
            }
        ]
    },
    "default": {
        "pynput": {
            "hashes": [
                "sha256:42d6d58abe401a4c98ea04e443e61f74b6b0f97672f42042f566c68700ad0c65",
                "sha256:68c1863d6a1520b44b6a915e866cbfa1b8d127aef9289f25183c93e28ee5049a"
            ],
            "index": "pypi",
            "version": "==1.6.8"
        },
        "pyobjc-core": {
            "hashes": [
                "sha256:6af32dc491c575346400c29649fffe6e0a1911553b9218529deafc56fa357bdd",
                "sha256:843b175e6bd6309c4457090ca52ca8e20cb1e6be19df1bc74d1ed1889f52149c",
                "sha256:8dd816c03fcbcbd8da8beb30dffe3aaaf8077d852cca4d636e3d7dd0ab48d39d",
                "sha256:cb130c953c79cb2df4eb3976b7fe28c336b0de0dc550b0574eca8856c76cd147",
                "sha256:ccfad6cba29652b005bc41e819ad70d203cc3e57a16e75e27bc4e6979034c7c0"
            ],
            "version": "==6.2"
        },
        "pyobjc-framework-cocoa": {
            "hashes": [
                "sha256:04b994a26bc30c912f2f5165d57a987f35889a36dd9c104674bc449c53649629",
                "sha256:09612dd81fafb6e1a8eb597b5e523c9de103a50af79e95afbf13b8a5937e3cfa",
                "sha256:cbe4f1917aa5def4a77fd4199a9697f3b4224acf59acf4e01fe9a7c73d49b08c",
                "sha256:e15bbf82bfe3a14dfd29c7465cc5d8edab16d546410239b7e1a4db62ded4a5b2",
                "sha256:ef3c21a8b37519e3a3880fc0c5539fe27afd3e0235c8ebc9c87b3d0354cbb4ea"
            ],
            "version": "==6.2"
        },
        "pyobjc-framework-quartz": {
            "hashes": [
                "sha256:08ebaa3a9f4cf5a4de89e0df50d5bd535706900471f14ac42a3f4af1a7398ebb",
                "sha256:2b64baf09bde8864f5d858b51a28b724ea908638f30b50d5b3f1f82f0dc4835e",
                "sha256:5133eef934143ed68014d73f7b3b8113441b3631d7a2c17f66839ea4b426c518",
                "sha256:5250961ce781d6f9ee65486cd206cf6a7814b27e9e3eef1a73032cfb69ec4e5f",
                "sha256:906fb0d35e63057157816409b4eb0503ef1fa8e1a0a7176b637905076434379c"
            ],
            "markers": "sys_platform == 'darwin'",
            "version": "==6.2"
        },
        "six": {
            "hashes": [
                "sha256:236bdbdce46e6e6a3d61a337c0f8b763ca1e8717c03b369e87a7ec7ce1319c0a",
                "sha256:8f3cd2e254d8f793e7f3d6d9df77b92252b52637291d0f0da013c76ea2724b6c"
            ],
            "version": "==1.14.0"
        }
    },
    "develop": {}
}
